- alias: state_lock_left_unlocked
  trigger:
    - entity_id: lock.front_door
      platform: state
      to: 'unlocked'
      for:
        minutes: 20
    - entity_id: lock.deck_door
      platform: state
      to: 'unlocked'
      for:
        minutes: 20
    - entity_id: lock.sunroom_door
      platform: state
      to: 'unlocked'
      for:
        minutes: 20
    - entity_id: lock.garage_door
      platform: state
      to: 'unlocked'
      for:
        minutes: 20
  action:
    service: script.post_slack_message
    data_template:
      message: >
        {% if trigger.entity_id == 'lock.deck_door' %}
          Deck door is still unlocked!
        {% elif trigger.entity_id == 'lock.front_door' %}
          Front door is still unlocked!
        {% elif trigger.entity_id == 'lock.garage_door' %}
          Garage door is still unlocked!
        {% elif trigger.entity_id == 'lock.sunroom_door' %}
          Sunroom door is still unlocked!
        {% endif %}
